
Microsoft Visual Studio Solution File, Format Version 12.00
# Visual Studio Version 16
VisualStudioVersion = 16.0.29806.167
MinimumVisualStudioVersion = 10.0.40219.1
Project("{FAE04EC0-301F-11D3-BF4B-00C04F79EFBC}") = "Test", "Test\Test.csproj", "{B1967BBC-7778-41C1-A992-3F5C22154FED}"
EndProject
Global
	GlobalSection(SolutionConfigurationPlatforms) = preSolution
		Debug|Any CPU = Debug|Any CPU
		Release|Any CPU = Release|Any CPU
	EndGlobalSection
	GlobalSection(ProjectConfigurationPlatforms) = postSolution
		{B1967BBC-7778-41C1-A992-3F5C22154FED}.Debug|Any CPU.ActiveCfg = Debug|Any CPU
		{B1967BBC-7778-41C1-A992-3F5C22154FED}.Debug|Any CPU.Build.0 = Debug|Any CPU
		{B1967BBC-7778-41C1-A992-3F5C22154FED}.Release|Any CPU.ActiveCfg = Release|Any CPU
		{B1967BBC-7778-41C1-A992-3F5C22154FED}.Release|Any CPU.Build.0 = Release|Any CPU
	EndGlobalSection
	GlobalSection(SolutionProperties) = preSolution
		HideSolutionNode = FALSE
	EndGlobalSection
	GlobalSection(ExtensibilityGlobals) = postSolution
		SolutionGuid = {866349A2-FD56-4638-B113-DAAA2D04133B}
	EndGlobalSection
EndGlobal
